{
  "name": "transferchickclothing",
  "version": "0.1.0",
  "lockfileVersion": 3,
  "requires": true,
  "packages": {
    "": {
      "name": "transferchickclothing",
      "version": "0.1.0",
      "dependencies": {
        "@astrojs/cloudflare": "latest",
        "@astrojs/tailwind": "latest",
        "astro": "latest",
        "lucide-astro": "latest",
        "stripe": "latest"
      },
      "devDependencies": {
        "@types/node": "latest",
        "tailwindcss": "latest",
        "typescript": "latest",
        "wrangler": "latest"
      }
    }
  }
}
